
Microsoft Visual Studio Solution File, Format Version 12.00
# Visual Studio 15
VisualStudioVersion = 15.0.27130.2027
MinimumVisualStudioVersion = 10.0.40219.1
Project("{F184B08F-C81C-45F6-A57F-5ABD9991F28F}") = "HelloWorld", "HelloWorld.vbproj", "{20983149-EB52-42B3-95D1-502891CF6C4E}"
EndProject
Global
	GlobalSection(SolutionConfigurationPlatforms) = preSolution
		Debug|Any CPU = Debug|Any CPU
		Release|Any CPU = Release|Any CPU
	EndGlobalSection
	GlobalSection(ProjectConfigurationPlatforms) = postSolution
		{20983149-EB52-42B3-95D1-502891CF6C4E}.Debug|Any CPU.ActiveCfg = Debug|Any CPU
		{20983149-EB52-42B3-95D1-502891CF6C4E}.Debug|Any CPU.Build.0 = Debug|Any CPU
		{20983149-EB52-42B3-95D1-502891CF6C4E}.Release|Any CPU.ActiveCfg = Release|Any CPU
		{20983149-EB52-42B3-95D1-502891CF6C4E}.Release|Any CPU.Build.0 = Release|Any CPU
	EndGlobalSection
	GlobalSection(SolutionProperties) = preSolution
		HideSolutionNode = FALSE
	EndGlobalSection
	GlobalSection(ExtensibilityGlobals) = postSolution
		SolutionGuid = {D3777588-1FE2-4EDD-86A4-6612E742E269}
	EndGlobalSection
EndGlobal
